
Microsoft Visual Studio Solution File, Format Version 12.00
# Visual Studio Version 17
VisualStudioVersion = 17.12.35527.113 d17.12
MinimumVisualStudioVersion = 10.0.40219.1
Project("{FAE04EC0-301F-11D3-BF4B-00C04F79EFBC}") = "CapaUsua", "CapaUsua\CapaUsua.csproj", "{1760DA99-E83B-42A6-829D-701DB30A5C92}"
EndProject
Project("{FAE04EC0-301F-11D3-BF4B-00C04F79EFBC}") = "CapaNeg", "CapaNeg\CapaNeg.csproj", "{50389A70-8A62-400A-AA03-3E3EB77EDE01}"
EndProject
Global
	GlobalSection(SolutionConfigurationPlatforms) = preSolution
		Debug|Any CPU = Debug|Any CPU
		Release|Any CPU = Release|Any CPU
	EndGlobalSection
	GlobalSection(ProjectConfigurationPlatforms) = postSolution
		{1760DA99-E83B-42A6-829D-701DB30A5C92}.Debug|Any CPU.ActiveCfg = Debug|Any CPU
		{1760DA99-E83B-42A6-829D-701DB30A5C92}.Debug|Any CPU.Build.0 = Debug|Any CPU
		{1760DA99-E83B-42A6-829D-701DB30A5C92}.Release|Any CPU.ActiveCfg = Release|Any CPU
		{1760DA99-E83B-42A6-829D-701DB30A5C92}.Release|Any CPU.Build.0 = Release|Any CPU
		{50389A70-8A62-400A-AA03-3E3EB77EDE01}.Debug|Any CPU.ActiveCfg = Debug|Any CPU
		{50389A70-8A62-400A-AA03-3E3EB77EDE01}.Debug|Any CPU.Build.0 = Debug|Any CPU
		{50389A70-8A62-400A-AA03-3E3EB77EDE01}.Release|Any CPU.ActiveCfg = Release|Any CPU
		{50389A70-8A62-400A-AA03-3E3EB77EDE01}.Release|Any CPU.Build.0 = Release|Any CPU
	EndGlobalSection
	GlobalSection(SolutionProperties) = preSolution
		HideSolutionNode = FALSE
	EndGlobalSection
EndGlobal
